
Microsoft Visual Studio Solution File, Format Version 12.00
# Visual Studio Version 16
VisualStudioVersion = 16.0.30204.135
MinimumVisualStudioVersion = 10.0.40219.1
Project("{FAE04EC0-301F-11D3-BF4B-00C04F79EFBC}") = "FortoShipments", "FortoShipments\FortoShipments.csproj", "{B497643B-C9DB-49A5-ACF0-12799F271958}"
EndProject
Project("{FAE04EC0-301F-11D3-BF4B-00C04F79EFBC}") = "FortoShipments.Tests", "FortoShipments.Tests\FortoShipments.Tests.csproj", "{66AE3446-AC36-4059-B549-55546134C27C}"
EndProject
Global
	GlobalSection(SolutionConfigurationPlatforms) = preSolution
		Debug|Any CPU = Debug|Any CPU
		Release|Any CPU = Release|Any CPU
	EndGlobalSection
	GlobalSection(ProjectConfigurationPlatforms) = postSolution
		{B497643B-C9DB-49A5-ACF0-12799F271958}.Debug|Any CPU.ActiveCfg = Debug|Any CPU
		{B497643B-C9DB-49A5-ACF0-12799F271958}.Debug|Any CPU.Build.0 = Debug|Any CPU
		{B497643B-C9DB-49A5-ACF0-12799F271958}.Release|Any CPU.ActiveCfg = Release|Any CPU
		{B497643B-C9DB-49A5-ACF0-12799F271958}.Release|Any CPU.Build.0 = Release|Any CPU
		{66AE3446-AC36-4059-B549-55546134C27C}.Debug|Any CPU.ActiveCfg = Debug|Any CPU
		{66AE3446-AC36-4059-B549-55546134C27C}.Debug|Any CPU.Build.0 = Debug|Any CPU
		{66AE3446-AC36-4059-B549-55546134C27C}.Release|Any CPU.ActiveCfg = Release|Any CPU
		{66AE3446-AC36-4059-B549-55546134C27C}.Release|Any CPU.Build.0 = Release|Any CPU
	EndGlobalSection
	GlobalSection(SolutionProperties) = preSolution
		HideSolutionNode = FALSE
	EndGlobalSection
	GlobalSection(ExtensibilityGlobals) = postSolution
		SolutionGuid = {DA7A6F7F-BEE6-4521-99D0-2D9AF5368A72}
	EndGlobalSection
EndGlobal
